
Microsoft Visual Studio Solution File, Format Version 12.00
# Visual Studio Version 16
VisualStudioVersion = 16.0.29215.179
MinimumVisualStudioVersion = 10.0.40219.1
Project("{FAE04EC0-301F-11D3-BF4B-00C04F79EFBC}") = "Http2ServerPush", "Http2ServerPush\Http2ServerPush.csproj", "{A35F1AF8-7B17-4BBC-9480-C0B35599F5D2}"
EndProject
Global
	GlobalSection(SolutionConfigurationPlatforms) = preSolution
		Debug|Any CPU = Debug|Any CPU
		Release|Any CPU = Release|Any CPU
	EndGlobalSection
	GlobalSection(ProjectConfigurationPlatforms) = postSolution
		{A35F1AF8-7B17-4BBC-9480-C0B35599F5D2}.Debug|Any CPU.ActiveCfg = Debug|Any CPU
		{A35F1AF8-7B17-4BBC-9480-C0B35599F5D2}.Debug|Any CPU.Build.0 = Debug|Any CPU
		{A35F1AF8-7B17-4BBC-9480-C0B35599F5D2}.Release|Any CPU.ActiveCfg = Release|Any CPU
		{A35F1AF8-7B17-4BBC-9480-C0B35599F5D2}.Release|Any CPU.Build.0 = Release|Any CPU
	EndGlobalSection
	GlobalSection(SolutionProperties) = preSolution
		HideSolutionNode = FALSE
	EndGlobalSection
	GlobalSection(ExtensibilityGlobals) = postSolution
		SolutionGuid = {490D0E18-C9F0-45FE-8F85-975B45DE4EBA}
	EndGlobalSection
EndGlobal
